
Microsoft Visual Studio Solution File, Format Version 12.00
# Visual Studio 15
VisualStudioVersion = 15.0.26730.12
MinimumVisualStudioVersion = 10.0.40219.1
Project("{FAE04EC0-301F-11D3-BF4B-00C04F79EFBC}") = "rfidbit", "rfidbit\rfidbit.csproj", "{FA032324-4285-4238-8310-50D8482819DF}"
EndProject
Global
	GlobalSection(SolutionConfigurationPlatforms) = preSolution
		Debug|Any CPU = Debug|Any CPU
		Release|Any CPU = Release|Any CPU
	EndGlobalSection
	GlobalSection(ProjectConfigurationPlatforms) = postSolution
		{FA032324-4285-4238-8310-50D8482819DF}.Debug|Any CPU.ActiveCfg = Debug|Any CPU
		{FA032324-4285-4238-8310-50D8482819DF}.Debug|Any CPU.Build.0 = Debug|Any CPU
		{FA032324-4285-4238-8310-50D8482819DF}.Release|Any CPU.ActiveCfg = Release|Any CPU
		{FA032324-4285-4238-8310-50D8482819DF}.Release|Any CPU.Build.0 = Release|Any CPU
	EndGlobalSection
	GlobalSection(SolutionProperties) = preSolution
		HideSolutionNode = FALSE
	EndGlobalSection
	GlobalSection(ExtensibilityGlobals) = postSolution
		SolutionGuid = {637551A3-4D21-496A-AB93-4544D5B72100}
	EndGlobalSection
EndGlobal
